
Microsoft Visual Studio Solution File, Format Version 12.00
# Visual Studio Version 17
VisualStudioVersion = 17.0.31903.59
MinimumVisualStudioVersion = 10.0.40219.1
Project("{9A19103F-16F7-4668-BE54-9A1E7A4F7556}") = "MultiTenantCMS", "src\MultiTenantCMS\MultiTenantCMS.csproj", "{91C9F811-6214-4448-851D-BB6FBF95774A}"
EndProject
Project("{2150E333-8FDC-42A3-9474-1A3956D46DE8}") = "Themes", "Themes", "{627E54B0-AD14-46DB-AD17-3D66DD1EA9F6}"
EndProject
Project("{9A19103F-16F7-4668-BE54-9A1E7A4F7556}") = "DigitalAgencyTheme", "src\Themes\DigitalAgencyTheme\DigitalAgencyTheme.csproj", "{075433F5-FFDC-4D2F-BAC0-FF9CBBF4A183}"
EndProject
Project("{9A19103F-16F7-4668-BE54-9A1E7A4F7556}") = "PlanetMinistriesTheme", "src\Themes\PlanetMinistriesTheme\PlanetMinistriesTheme.csproj", "{E263CD20-EBE0-4AFF-A7F1-035EC09F2971}"
EndProject
Project("{9A19103F-16F7-4668-BE54-9A1E7A4F7556}") = "GSN.OrchardCore.Theme", "src\Themes\GSN.OrchardCore.Theme\GSN.OrchardCore.Theme.csproj", "{31632857-BFA1-4FED-80D2-A60E93531F49}"
EndProject
Global
	GlobalSection(SolutionConfigurationPlatforms) = preSolution
		Debug|Any CPU = Debug|Any CPU
		Release|Any CPU = Release|Any CPU
	EndGlobalSection
	GlobalSection(ProjectConfigurationPlatforms) = postSolution
		{91C9F811-6214-4448-851D-BB6FBF95774A}.Debug|Any CPU.ActiveCfg = Debug|Any CPU
		{91C9F811-6214-4448-851D-BB6FBF95774A}.Debug|Any CPU.Build.0 = Debug|Any CPU
		{91C9F811-6214-4448-851D-BB6FBF95774A}.Release|Any CPU.ActiveCfg = Release|Any CPU
		{91C9F811-6214-4448-851D-BB6FBF95774A}.Release|Any CPU.Build.0 = Release|Any CPU
		{075433F5-FFDC-4D2F-BAC0-FF9CBBF4A183}.Debug|Any CPU.ActiveCfg = Debug|Any CPU
		{075433F5-FFDC-4D2F-BAC0-FF9CBBF4A183}.Debug|Any CPU.Build.0 = Debug|Any CPU
		{075433F5-FFDC-4D2F-BAC0-FF9CBBF4A183}.Release|Any CPU.ActiveCfg = Release|Any CPU
		{075433F5-FFDC-4D2F-BAC0-FF9CBBF4A183}.Release|Any CPU.Build.0 = Release|Any CPU
		{E263CD20-EBE0-4AFF-A7F1-035EC09F2971}.Debug|Any CPU.ActiveCfg = Debug|Any CPU
		{E263CD20-EBE0-4AFF-A7F1-035EC09F2971}.Debug|Any CPU.Build.0 = Debug|Any CPU
		{E263CD20-EBE0-4AFF-A7F1-035EC09F2971}.Release|Any CPU.ActiveCfg = Release|Any CPU
		{E263CD20-EBE0-4AFF-A7F1-035EC09F2971}.Release|Any CPU.Build.0 = Release|Any CPU
		{31632857-BFA1-4FED-80D2-A60E93531F49}.Debug|Any CPU.ActiveCfg = Debug|Any CPU
		{31632857-BFA1-4FED-80D2-A60E93531F49}.Debug|Any CPU.Build.0 = Debug|Any CPU
		{31632857-BFA1-4FED-80D2-A60E93531F49}.Release|Any CPU.ActiveCfg = Release|Any CPU
		{31632857-BFA1-4FED-80D2-A60E93531F49}.Release|Any CPU.Build.0 = Release|Any CPU
	EndGlobalSection
	GlobalSection(SolutionProperties) = preSolution
		HideSolutionNode = FALSE
	EndGlobalSection
	GlobalSection(NestedProjects) = preSolution
		{075433F5-FFDC-4D2F-BAC0-FF9CBBF4A183} = {627E54B0-AD14-46DB-AD17-3D66DD1EA9F6}
		{E263CD20-EBE0-4AFF-A7F1-035EC09F2971} = {627E54B0-AD14-46DB-AD17-3D66DD1EA9F6}
		{31632857-BFA1-4FED-80D2-A60E93531F49} = {627E54B0-AD14-46DB-AD17-3D66DD1EA9F6}
	EndGlobalSection
	GlobalSection(ExtensibilityGlobals) = postSolution
		SolutionGuid = {D4788A08-97FE-4D07-ADAF-8226BFAAA120}
	EndGlobalSection
EndGlobal
